
Microsoft Visual Studio Solution File, Format Version 12.00
# Visual Studio 14
VisualStudioVersion = 14.0.25123.0
MinimumVisualStudioVersion = 10.0.40219.1
Project("{FAE04EC0-301F-11D3-BF4B-00C04F79EFBC}") = "Zodiacon.WPF", "Zodiacon.WPF\Zodiacon.WPF.csproj", "{80DD3ED3-1A09-4012-905F-74FCC92DAD8D}"
EndProject
Global
	GlobalSection(SolutionConfigurationPlatforms) = preSolution
		Debug|Any CPU = Debug|Any CPU
		Release|Any CPU = Release|Any CPU
	EndGlobalSection
	GlobalSection(ProjectConfigurationPlatforms) = postSolution
		{80DD3ED3-1A09-4012-905F-74FCC92DAD8D}.Debug|Any CPU.ActiveCfg = Debug|Any CPU
		{80DD3ED3-1A09-4012-905F-74FCC92DAD8D}.Debug|Any CPU.Build.0 = Debug|Any CPU
		{80DD3ED3-1A09-4012-905F-74FCC92DAD8D}.Release|Any CPU.ActiveCfg = Release|Any CPU
		{80DD3ED3-1A09-4012-905F-74FCC92DAD8D}.Release|Any CPU.Build.0 = Release|Any CPU
	EndGlobalSection
	GlobalSection(SolutionProperties) = preSolution
		HideSolutionNode = FALSE
	EndGlobalSection
EndGlobal
