
Microsoft Visual Studio Solution File, Format Version 12.00
# Visual Studio 14
VisualStudioVersion = 14.0.25420.1
MinimumVisualStudioVersion = 10.0.40219.1
Project("{FAE04EC0-301F-11D3-BF4B-00C04F79EFBC}") = "Zodiacon.WPF", "Zodiacon.WPF\Zodiacon.WPF.csproj", "{80DD3ED3-1A09-4012-905F-74FCC92DAD8D}"
EndProject
Project("{2150E333-8FDC-42A3-9474-1A3956D46DE8}") = "Samples", "Samples", "{FBC88225-456F-4C53-AAEC-2AFBBD6301C4}"
EndProject
Project("{FAE04EC0-301F-11D3-BF4B-00C04F79EFBC}") = "FileExplorer", "FileExplorer\FileExplorer.csproj", "{CB27C83A-B72B-4456-948C-80BF24A8E8C2}"
EndProject
Project("{FAE04EC0-301F-11D3-BF4B-00C04F79EFBC}") = "SystemMaster", "SystemMaster\SystemMaster.csproj", "{558958BA-89B9-4BF2-AFD2-A3AD0305CC57}"
EndProject
Project("{2150E333-8FDC-42A3-9474-1A3956D46DE8}") = "Samples.FileExplorer", "Samples.FileExplorer", "{F71CA01C-D655-45D8-AD13-274B2BDCC399}"
EndProject
Project("{2150E333-8FDC-42A3-9474-1A3956D46DE8}") = "Samples.SystemMaster", "Samples.SystemMaster", "{9F8D35C8-1F8E-4BD5-9EA6-C0C815A64F89}"
EndProject
Project("{FAE04EC0-301F-11D3-BF4B-00C04F79EFBC}") = "SystemMaster.Common", "SystemMaster.Common\SystemMaster.Common.csproj", "{8ABD4F91-283C-42A4-AB01-2E31E652CB88}"
EndProject
Project("{2150E333-8FDC-42A3-9474-1A3956D46DE8}") = "Modules", "Modules", "{70343A1F-D720-4D2F-AEB4-E2DDA128E50A}"
EndProject
Project("{FAE04EC0-301F-11D3-BF4B-00C04F79EFBC}") = "SystemMaster.Core", "SystemMaster.Core\SystemMaster.Core.csproj", "{6FC006DF-F6FA-4651-BA90-10CA92F3B497}"
EndProject
Project("{FAE04EC0-301F-11D3-BF4B-00C04F79EFBC}") = "TestPlayground", "TestPlayground\TestPlayground.csproj", "{6EFFB357-2092-48E5-9F09-20B9EFCE402A}"
EndProject
Global
	GlobalSection(SolutionConfigurationPlatforms) = preSolution
		Debug|Any CPU = Debug|Any CPU
		Release|Any CPU = Release|Any CPU
	EndGlobalSection
	GlobalSection(ProjectConfigurationPlatforms) = postSolution
		{80DD3ED3-1A09-4012-905F-74FCC92DAD8D}.Debug|Any CPU.ActiveCfg = Debug|Any CPU
		{80DD3ED3-1A09-4012-905F-74FCC92DAD8D}.Debug|Any CPU.Build.0 = Debug|Any CPU
		{80DD3ED3-1A09-4012-905F-74FCC92DAD8D}.Release|Any CPU.ActiveCfg = Release|Any CPU
		{80DD3ED3-1A09-4012-905F-74FCC92DAD8D}.Release|Any CPU.Build.0 = Release|Any CPU
		{CB27C83A-B72B-4456-948C-80BF24A8E8C2}.Debug|Any CPU.ActiveCfg = Debug|Any CPU
		{CB27C83A-B72B-4456-948C-80BF24A8E8C2}.Debug|Any CPU.Build.0 = Debug|Any CPU
		{CB27C83A-B72B-4456-948C-80BF24A8E8C2}.Release|Any CPU.ActiveCfg = Release|Any CPU
		{CB27C83A-B72B-4456-948C-80BF24A8E8C2}.Release|Any CPU.Build.0 = Release|Any CPU
		{558958BA-89B9-4BF2-AFD2-A3AD0305CC57}.Debug|Any CPU.ActiveCfg = Debug|Any CPU
		{558958BA-89B9-4BF2-AFD2-A3AD0305CC57}.Debug|Any CPU.Build.0 = Debug|Any CPU
		{558958BA-89B9-4BF2-AFD2-A3AD0305CC57}.Release|Any CPU.ActiveCfg = Release|Any CPU
		{558958BA-89B9-4BF2-AFD2-A3AD0305CC57}.Release|Any CPU.Build.0 = Release|Any CPU
		{8ABD4F91-283C-42A4-AB01-2E31E652CB88}.Debug|Any CPU.ActiveCfg = Debug|Any CPU
		{8ABD4F91-283C-42A4-AB01-2E31E652CB88}.Debug|Any CPU.Build.0 = Debug|Any CPU
		{8ABD4F91-283C-42A4-AB01-2E31E652CB88}.Release|Any CPU.ActiveCfg = Release|Any CPU
		{8ABD4F91-283C-42A4-AB01-2E31E652CB88}.Release|Any CPU.Build.0 = Release|Any CPU
		{6FC006DF-F6FA-4651-BA90-10CA92F3B497}.Debug|Any CPU.ActiveCfg = Debug|Any CPU
		{6FC006DF-F6FA-4651-BA90-10CA92F3B497}.Debug|Any CPU.Build.0 = Debug|Any CPU
		{6FC006DF-F6FA-4651-BA90-10CA92F3B497}.Release|Any CPU.ActiveCfg = Release|Any CPU
		{6FC006DF-F6FA-4651-BA90-10CA92F3B497}.Release|Any CPU.Build.0 = Release|Any CPU
		{6EFFB357-2092-48E5-9F09-20B9EFCE402A}.Debug|Any CPU.ActiveCfg = Debug|Any CPU
		{6EFFB357-2092-48E5-9F09-20B9EFCE402A}.Debug|Any CPU.Build.0 = Debug|Any CPU
		{6EFFB357-2092-48E5-9F09-20B9EFCE402A}.Release|Any CPU.ActiveCfg = Release|Any CPU
		{6EFFB357-2092-48E5-9F09-20B9EFCE402A}.Release|Any CPU.Build.0 = Release|Any CPU
	EndGlobalSection
	GlobalSection(SolutionProperties) = preSolution
		HideSolutionNode = FALSE
	EndGlobalSection
	GlobalSection(NestedProjects) = preSolution
		{CB27C83A-B72B-4456-948C-80BF24A8E8C2} = {F71CA01C-D655-45D8-AD13-274B2BDCC399}
		{558958BA-89B9-4BF2-AFD2-A3AD0305CC57} = {9F8D35C8-1F8E-4BD5-9EA6-C0C815A64F89}
		{F71CA01C-D655-45D8-AD13-274B2BDCC399} = {FBC88225-456F-4C53-AAEC-2AFBBD6301C4}
		{9F8D35C8-1F8E-4BD5-9EA6-C0C815A64F89} = {FBC88225-456F-4C53-AAEC-2AFBBD6301C4}
		{8ABD4F91-283C-42A4-AB01-2E31E652CB88} = {9F8D35C8-1F8E-4BD5-9EA6-C0C815A64F89}
		{70343A1F-D720-4D2F-AEB4-E2DDA128E50A} = {9F8D35C8-1F8E-4BD5-9EA6-C0C815A64F89}
		{6FC006DF-F6FA-4651-BA90-10CA92F3B497} = {70343A1F-D720-4D2F-AEB4-E2DDA128E50A}
	EndGlobalSection
EndGlobal
